
Microsoft Visual Studio Solution File, Format Version 12.00
# Visual Studio Version 17
VisualStudioVersion = 17.9.34616.47
MinimumVisualStudioVersion = 10.0.40219.1
Project("{FAE04EC0-301F-11D3-BF4B-00C04F79EFBC}") = "CredencialesEjercicioPea", "CredencialesEjercicioPea.csproj", "{62B2D4FF-B752-43D2-9E67-718EFEA8F2DC}"
EndProject
Global
	GlobalSection(SolutionConfigurationPlatforms) = preSolution
		Debug|Any CPU = Debug|Any CPU
		Release|Any CPU = Release|Any CPU
	EndGlobalSection
	GlobalSection(ProjectConfigurationPlatforms) = postSolution
		{62B2D4FF-B752-43D2-9E67-718EFEA8F2DC}.Debug|Any CPU.ActiveCfg = Debug|Any CPU
		{62B2D4FF-B752-43D2-9E67-718EFEA8F2DC}.Debug|Any CPU.Build.0 = Debug|Any CPU
		{62B2D4FF-B752-43D2-9E67-718EFEA8F2DC}.Release|Any CPU.ActiveCfg = Release|Any CPU
		{62B2D4FF-B752-43D2-9E67-718EFEA8F2DC}.Release|Any CPU.Build.0 = Release|Any CPU
	EndGlobalSection
	GlobalSection(SolutionProperties) = preSolution
		HideSolutionNode = FALSE
	EndGlobalSection
	GlobalSection(ExtensibilityGlobals) = postSolution
		SolutionGuid = {302EB8BC-BD74-4E09-8AF7-52C4A1E51141}
	EndGlobalSection
EndGlobal
